
Microsoft Visual Studio Solution File, Format Version 12.00
# Visual Studio Version 17
VisualStudioVersion = 17.10.35013.160
MinimumVisualStudioVersion = 10.0.40219.1
Project("{9A19103F-16F7-4668-BE54-9A1E7A4F7556}") = "Restaurante.Domain", "Restaurante.Domain\Restaurante.Domain.csproj", "{C362D9E3-FF3C-4835-9FED-F30CDDEC0717}"
EndProject
Project("{9A19103F-16F7-4668-BE54-9A1E7A4F7556}") = "RestaurantePedidos.Infrastructure", "RestaurantePedidos.Infrastructure\RestaurantePedidos.Infrastructure.csproj", "{9D8A7498-F174-4618-8C67-3F00074F0B2B}"
EndProject
Project("{FAE04EC0-301F-11D3-BF4B-00C04F79EFBC}") = "APIrestaurante", "APIrestaurante\APIrestaurante.csproj", "{B435D83F-D3D8-4C38-AE45-04AA46E42F17}"
EndProject
Project("{FAE04EC0-301F-11D3-BF4B-00C04F79EFBC}") = "WebApplication1", "WebApplication1\WebApplication1.csproj", "{7A13F346-1427-4E7B-BFBE-F3C9E60B9D5E}"
EndProject
Project("{FAE04EC0-301F-11D3-BF4B-00C04F79EFBC}") = "Restaurante.Aplication", "RestauranteAplication\Restaurante.Aplication.csproj", "{6D341D77-7D9C-4EFC-A871-0546FC13E55E}"
EndProject
Project("{FAE04EC0-301F-11D3-BF4B-00C04F79EFBC}") = "Restaurante.Loc", "Restaurante.Loc\Restaurante.Loc.csproj", "{516FE9F6-C371-4B7F-94C1-BEEF831AC12E}"
EndProject
Global
	GlobalSection(SolutionConfigurationPlatforms) = preSolution
		Debug|Any CPU = Debug|Any CPU
		Release|Any CPU = Release|Any CPU
	EndGlobalSection
	GlobalSection(ProjectConfigurationPlatforms) = postSolution
		{C362D9E3-FF3C-4835-9FED-F30CDDEC0717}.Debug|Any CPU.ActiveCfg = Debug|Any CPU
		{C362D9E3-FF3C-4835-9FED-F30CDDEC0717}.Debug|Any CPU.Build.0 = Debug|Any CPU
		{C362D9E3-FF3C-4835-9FED-F30CDDEC0717}.Release|Any CPU.ActiveCfg = Release|Any CPU
		{C362D9E3-FF3C-4835-9FED-F30CDDEC0717}.Release|Any CPU.Build.0 = Release|Any CPU
		{9D8A7498-F174-4618-8C67-3F00074F0B2B}.Debug|Any CPU.ActiveCfg = Debug|Any CPU
		{9D8A7498-F174-4618-8C67-3F00074F0B2B}.Debug|Any CPU.Build.0 = Debug|Any CPU
		{9D8A7498-F174-4618-8C67-3F00074F0B2B}.Release|Any CPU.ActiveCfg = Release|Any CPU
		{9D8A7498-F174-4618-8C67-3F00074F0B2B}.Release|Any CPU.Build.0 = Release|Any CPU
		{B435D83F-D3D8-4C38-AE45-04AA46E42F17}.Debug|Any CPU.ActiveCfg = Debug|Any CPU
		{B435D83F-D3D8-4C38-AE45-04AA46E42F17}.Debug|Any CPU.Build.0 = Debug|Any CPU
		{B435D83F-D3D8-4C38-AE45-04AA46E42F17}.Release|Any CPU.ActiveCfg = Release|Any CPU
		{B435D83F-D3D8-4C38-AE45-04AA46E42F17}.Release|Any CPU.Build.0 = Release|Any CPU
		{7A13F346-1427-4E7B-BFBE-F3C9E60B9D5E}.Debug|Any CPU.ActiveCfg = Debug|Any CPU
		{7A13F346-1427-4E7B-BFBE-F3C9E60B9D5E}.Debug|Any CPU.Build.0 = Debug|Any CPU
		{7A13F346-1427-4E7B-BFBE-F3C9E60B9D5E}.Release|Any CPU.ActiveCfg = Release|Any CPU
		{7A13F346-1427-4E7B-BFBE-F3C9E60B9D5E}.Release|Any CPU.Build.0 = Release|Any CPU
		{6D341D77-7D9C-4EFC-A871-0546FC13E55E}.Debug|Any CPU.ActiveCfg = Debug|Any CPU
		{6D341D77-7D9C-4EFC-A871-0546FC13E55E}.Debug|Any CPU.Build.0 = Debug|Any CPU
		{6D341D77-7D9C-4EFC-A871-0546FC13E55E}.Release|Any CPU.ActiveCfg = Release|Any CPU
		{6D341D77-7D9C-4EFC-A871-0546FC13E55E}.Release|Any CPU.Build.0 = Release|Any CPU
		{516FE9F6-C371-4B7F-94C1-BEEF831AC12E}.Debug|Any CPU.ActiveCfg = Debug|Any CPU
		{516FE9F6-C371-4B7F-94C1-BEEF831AC12E}.Debug|Any CPU.Build.0 = Debug|Any CPU
		{516FE9F6-C371-4B7F-94C1-BEEF831AC12E}.Release|Any CPU.ActiveCfg = Release|Any CPU
		{516FE9F6-C371-4B7F-94C1-BEEF831AC12E}.Release|Any CPU.Build.0 = Release|Any CPU
	EndGlobalSection
	GlobalSection(SolutionProperties) = preSolution
		HideSolutionNode = FALSE
	EndGlobalSection
	GlobalSection(ExtensibilityGlobals) = postSolution
		SolutionGuid = {9C14F9EE-A7AA-4E20-8172-732D61B432CC}
	EndGlobalSection
EndGlobal
